
Microsoft Visual Studio Solution File, Format Version 12.00
# Visual Studio Version 16
VisualStudioVersion = 16.0.30517.126
MinimumVisualStudioVersion = 10.0.40219.1
Project("{FAE04EC0-301F-11D3-BF4B-00C04F79EFBC}") = "TournamentTree", "TournamentTree.csproj", "{35E98703-6DDD-4D62-A271-18643F8FE278}"
EndProject
Global
	GlobalSection(SolutionConfigurationPlatforms) = preSolution
		Debug|Any CPU = Debug|Any CPU
		Release|Any CPU = Release|Any CPU
	EndGlobalSection
	GlobalSection(ProjectConfigurationPlatforms) = postSolution
		{35E98703-6DDD-4D62-A271-18643F8FE278}.Debug|Any CPU.ActiveCfg = Debug|Any CPU
		{35E98703-6DDD-4D62-A271-18643F8FE278}.Debug|Any CPU.Build.0 = Debug|Any CPU
		{35E98703-6DDD-4D62-A271-18643F8FE278}.Release|Any CPU.ActiveCfg = Release|Any CPU
		{35E98703-6DDD-4D62-A271-18643F8FE278}.Release|Any CPU.Build.0 = Release|Any CPU
	EndGlobalSection
	GlobalSection(SolutionProperties) = preSolution
		HideSolutionNode = FALSE
	EndGlobalSection
	GlobalSection(ExtensibilityGlobals) = postSolution
		SolutionGuid = {4FB8C969-683C-488B-A094-40B9366FBE6C}
	EndGlobalSection
EndGlobal
